// !$*UTF8*$!
{
	archiveVersion = 1;
	classes = {
	};
	objectVersion = 50;
	objects = {

/* Begin PBXBuildFile section */
		7429C5AF26545FFA0089D63B /* AppDelegate.swift in Sources */ = {isa = PBXBuildFile; fileRef = 7429C5AE26545FFA0089D63B /* AppDelegate.swift */; };
		7429C5B126545FFA0089D63B /* SceneDelegate.swift in Sources */ = {isa = PBXBuildFile; fileRef = 7429C5B026545FFA0089D63B /* SceneDelegate.swift */; };
		7429C5B826545FFB0089D63B /* Assets.xcassets in Resources */ = {isa = PBXBuildFile; fileRef = 7429C5B726545FFB0089D63B /* Assets.xcassets */; };
		7429C5BB26545FFB0089D63B /* LaunchScreen.storyboard in Resources */ = {isa = PBXBuildFile; fileRef = 7429C5B926545FFB0089D63B /* LaunchScreen.storyboard */; };
		7429C5CB265461680089D63B /* CalculatorViewController.swift in Sources */ = {isa = PBXBuildFile; fileRef = 7429C5CA265461680089D63B /* CalculatorViewController.swift */; };
		7429C5D5265465480089D63B /* Labels.swift in Sources */ = {isa = PBXBuildFile; fileRef = 7429C5D4265465480089D63B /* Labels.swift */; };
		7429C5D9265466F80089D63B /* TextFields.swift in Sources */ = {isa = PBXBuildFile; fileRef = 7429C5D8265466F80089D63B /* TextFields.swift */; };
		7429C5DC2654679C0089D63B /* Buttons.swift in Sources */ = {isa = PBXBuildFile; fileRef = 7429C5DB2654679C0089D63B /* Buttons.swift */; };
/* End PBXBuildFile section */

/* Begin PBXFileReference section */
		7429C5AB26545FFA0089D63B /* Calculator2.app */ = {isa = PBXFileReference; explicitFileType = wrapper.application; includeInIndex = 0; path = Calculator2.app; sourceTree = BUILT_PRODUCTS_DIR; };
		7429C5AE26545FFA0089D63B /* AppDelegate.swift */ = {isa = PBXFileReference; lastKnownFileType = sourcecode.swift; path = AppDelegate.swift; sourceTree = "<group>"; };
		7429C5B026545FFA0089D63B /* SceneDelegate.swift */ = {isa = PBXFileReference; lastKnownFileType = sourcecode.swift; path = SceneDelegate.swift; sourceTree = "<group>"; };
		7429C5B726545FFB0089D63B /* Assets.xcassets */ = {isa = PBXFileReference; lastKnownFileType = folder.assetcatalog; path = Assets.xcassets; sourceTree = "<group>"; };
		7429C5BA26545FFB0089D63B /* Base */ = {isa = PBXFileReference; lastKnownFileType = file.storyboard; name = Base; path = Base.lproj/LaunchScreen.storyboard; sourceTree = "<group>"; };
		7429C5BC26545FFB0089D63B /* Info.plist */ = {isa = PBXFileReference; lastKnownFileType = text.plist.xml; path = Info.plist; sourceTree = "<group>"; };
		7429C5CA265461680089D63B /* CalculatorViewController.swift */ = {isa = PBXFileReference; lastKnownFileType = sourcecode.swift; path = CalculatorViewController.swift; sourceTree = "<group>"; };
		7429C5D4265465480089D63B /* Labels.swift */ = {isa = PBXFileReference; lastKnownFileType = sourcecode.swift; name = Labels.swift; path = Calculator2/ViewControllers/Labels.swift; sourceTree = SOURCE_ROOT; };
		7429C5D8265466F80089D63B /* TextFields.swift */ = {isa = PBXFileReference; lastKnownFileType = sourcecode.swift; name = TextFields.swift; path = Calculator2/ViewControllers/TextFields.swift; sourceTree = SOURCE_ROOT; };
		7429C5DB2654679C0089D63B /* Buttons.swift */ = {isa = PBXFileReference; lastKnownFileType = sourcecode.swift; name = Buttons.swift; path = Calculator2/ViewControllers/Buttons.swift; sourceTree = SOURCE_ROOT; };
/* End PBXFileReference section */

/* Begin PBXFrameworksBuildPhase section */
		7429C5A826545FFA0089D63B /* Frameworks */ = {
			isa = PBXFrameworksBuildPhase;
			buildActionMask = 2147483647;
			files = (
			);
			runOnlyForDeploymentPostprocessing = 0;
		};
/* End PBXFrameworksBuildPhase section */

/* Begin PBXGroup section */
		7429C5A226545FFA0089D63B = {
			isa = PBXGroup;
			children = (
				7429C5AD26545FFA0089D63B /* Calculator2 */,
				7429C5AC26545FFA0089D63B /* Products */,
			);
			sourceTree = "<group>";
		};
		7429C5AC26545FFA0089D63B /* Products */ = {
			isa = PBXGroup;
			children = (
				7429C5AB26545FFA0089D63B /* Calculator2.app */,
			);
			name = Products;
			sourceTree = "<group>";
		};
		7429C5AD26545FFA0089D63B /* Calculator2 */ = {
			isa = PBXGroup;
			children = (
				7429C5C9265461440089D63B /* ViewControllers */,
				7429C5D0265464EF0089D63B /* Views */,
				7429C5C32654600B0089D63B /* Resources */,
			);
			path = Calculator2;
			sourceTree = "<group>";
		};
		7429C5C32654600B0089D63B /* Resources */ = {
			isa = PBXGroup;
			children = (
				7429C5AE26545FFA0089D63B /* AppDelegate.swift */,
				7429C5B026545FFA0089D63B /* SceneDelegate.swift */,
				7429C5B726545FFB0089D63B /* Assets.xcassets */,
				7429C5B926545FFB0089D63B /* LaunchScreen.storyboard */,
				7429C5BC26545FFB0089D63B /* Info.plist */,
			);
			path = Resources;
			sourceTree = "<group>";
		};
		7429C5C9265461440089D63B /* ViewControllers */ = {
			isa = PBXGroup;
			children = (
				7429C5CA265461680089D63B /* CalculatorViewController.swift */,
			);
			path = ViewControllers;
			sourceTree = "<group>";
		};
		7429C5D0265464EF0089D63B /* Views */ = {
			isa = PBXGroup;
			children = (
				7429C5D32654651E0089D63B /* Buttons */,
				7429C5D2265465140089D63B /* TextFields */,
				7429C5D1265465040089D63B /* Labels */,
			);
			path = Views;
			sourceTree = "<group>";
		};
		7429C5D1265465040089D63B /* Labels */ = {
			isa = PBXGroup;
			children = (
				7429C5D4265465480089D63B /* Labels.swift */,
			);
			path = Labels;
			sourceTree = "<group>";
		};
		7429C5D2265465140089D63B /* TextFields */ = {
			isa = PBXGroup;
			children = (
				7429C5D8265466F80089D63B /* TextFields.swift */,
			);
			path = TextFields;
			sourceTree = "<group>";
		};
		7429C5D32654651E0089D63B /* Buttons */ = {
			isa = PBXGroup;
			children = (
				7429C5DB2654679C0089D63B /* Buttons.swift */,
			);
			path = Buttons;
			sourceTree = "<group>";
		};
/* End PBXGroup section */

/* Begin PBXNativeTarget section */
		7429C5AA26545FFA0089D63B /* Calculator2 */ = {
			isa = PBXNativeTarget;
			buildConfigurationList = 7429C5BF26545FFB0089D63B /* Build configuration list for PBXNativeTarget "Calculator2" */;
			buildPhases = (
				7429C5A726545FFA0089D63B /* Sources */,
				7429C5A826545FFA0089D63B /* Frameworks */,
				7429C5A926545FFA0089D63B /* Resources */,
			);
			buildRules = (
			);
			dependencies = (
			);
			name = Calculator2;
			productName = Calculator2;
			productReference = 7429C5AB26545FFA0089D63B /* Calculator2.app */;
			productType = "com.apple.product-type.application";
		};
/* End PBXNativeTarget section */

/* Begin PBXProject section */
		7429C5A326545FFA0089D63B /* Project object */ = {
			isa = PBXProject;
			attributes = {
				LastSwiftUpdateCheck = 1240;
				LastUpgradeCheck = 1240;
				TargetAttributes = {
					7429C5AA26545FFA0089D63B = {
						CreatedOnToolsVersion = 12.4;
					};
				};
			};
			buildConfigurationList = 7429C5A626545FFA0089D63B /* Build configuration list for PBXProject "Calculator2" */;
			compatibilityVersion = "Xcode 9.3";
			developmentRegion = en;
			hasScannedForEncodings = 0;
			knownRegions = (
				en,
				Base,
			);
			mainGroup = 7429C5A226545FFA0089D63B;
			productRefGroup = 7429C5AC26545FFA0089D63B /* Products */;
			projectDirPath = "";
			projectRoot = "";
			targets = (
				7429C5AA26545FFA0089D63B /* Calculator2 */,
			);
		};
/* End PBXProject section */

/* Begin PBXResourcesBuildPhase section */
		7429C5A926545FFA0089D63B /* Resources */ = {
			isa = PBXResourcesBuildPhase;
			buildActionMask = 2147483647;
			files = (
				7429C5BB26545FFB0089D63B /* LaunchScreen.storyboard in Resources */,
				7429C5B826545FFB0089D63B /* Assets.xcassets in Resources */,
			);
			runOnlyForDeploymentPostprocessing = 0;
		};
/* End PBXResourcesBuildPhase section */

/* Begin PBXSourcesBuildPhase section */
		7429C5A726545FFA0089D63B /* Sources */ = {
			isa = PBXSourcesBuildPhase;
			buildActionMask = 2147483647;
			files = (
				7429C5D9265466F80089D63B /* TextFields.swift in Sources */,
				7429C5AF26545FFA0089D63B /* AppDelegate.swift in Sources */,
				7429C5CB265461680089D63B /* CalculatorViewController.swift in Sources */,
				7429C5DC2654679C0089D63B /* Buttons.swift in Sources */,
				7429C5D5265465480089D63B /* Labels.swift in Sources */,
				7429C5B126545FFA0089D63B /* SceneDelegate.swift in Sources */,
			);
			runOnlyForDeploymentPostprocessing = 0;
		};
/* End PBXSourcesBuildPhase section */

/* Begin PBXVariantGroup section */
		7429C5B926545FFB0089D63B /* LaunchScreen.storyboard */ = {
			isa = PBXVariantGroup;
			children = (
				7429C5BA26545FFB0089D63B /* Base */,
			);
			name = LaunchScreen.storyboard;
			sourceTree = "<group>";
		};
/* End PBXVariantGroup section */

/* Begin XCBuildConfiguration section */
		7429C5BD26545FFB0089D63B /* Debug */ = {
			isa = XCBuildConfiguration;
			buildSettings = {
				ALWAYS_SEARCH_USER_PATHS = NO;
				CLANG_ANALYZER_NONNULL = YES;
				CLANG_ANALYZER_NUMBER_OBJECT_CONVERSION = YES_AGGRESSIVE;
				CLANG_CXX_LANGUAGE_STANDARD = "gnu++14";
				CLANG_CXX_LIBRARY = "libc++";
				CLANG_ENABLE_MODULES = YES;
				CLANG_ENABLE_OBJC_ARC = YES;
				CLANG_ENABLE_OBJC_WEAK = YES;
				CLANG_WARN_BLOCK_CAPTURE_AUTORELEASING = YES;
				CLANG_WARN_BOOL_CONVERSION = YES;
				CLANG_WARN_COMMA = YES;
				CLANG_WARN_CONSTANT_CONVERSION = YES;
				CLANG_WARN_DEPRECATED_OBJC_IMPLEMENTATIONS = YES;
				CLANG_WARN_DIRECT_OBJC_ISA_USAGE = YES_ERROR;
				CLANG_WARN_DOCUMENTATION_COMMENTS = YES;
				CLANG_WARN_EMPTY_BODY = YES;
				CLANG_WARN_ENUM_CONVERSION = YES;
				CLANG_WARN_INFINITE_RECURSION = YES;
				CLANG_WARN_INT_CONVERSION = YES;
				CLANG_WARN_NON_LITERAL_NULL_CONVERSION = YES;
				CLANG_WARN_OBJC_IMPLICIT_RETAIN_SELF = YES;
				CLANG_WARN_OBJC_LITERAL_CONVERSION = YES;
				CLANG_WARN_OBJC_ROOT_CLASS = YES_ERROR;
				CLANG_WARN_QUOTED_INCLUDE_IN_FRAMEWORK_HEADER = YES;
				CLANG_WARN_RANGE_LOOP_ANALYSIS = YES;
				CLANG_WARN_STRICT_PROTOTYPES = YES;
				CLANG_WARN_SUSPICIOUS_MOVE = YES;
				CLANG_WARN_UNGUARDED_AVAILABILITY = YES_AGGRESSIVE;
				CLANG_WARN_UNREACHABLE_CODE = YES;
				CLANG_WARN__DUPLICATE_METHOD_MATCH = YES;
				COPY_PHASE_STRIP = NO;
				DEBUG_INFORMATION_FORMAT = dwarf;
				ENABLE_STRICT_OBJC_MSGSEND = YES;
				ENABLE_TESTABILITY = YES;
				GCC_C_LANGUAGE_STANDARD = gnu11;
				GCC_DYNAMIC_NO_PIC = NO;
				GCC_NO_COMMON_BLOCKS = YES;
				GCC_OPTIMIZATION_LEVEL = 0;
				GCC_PREPROCESSOR_DEFINITIONS = (
					"DEBUG=1",
					"$(inherited)",
				);
				GCC_WARN_64_TO_32_BIT_CONVERSION = YES;
				GCC_WARN_ABOUT_RETURN_TYPE = YES_ERROR;
				GCC_WARN_UNDECLARED_SELECTOR = YES;
				GCC_WARN_UNINITIALIZED_AUTOS = YES_AGGRESSIVE;
				GCC_WARN_UNUSED_FUNCTION = YES;
				GCC_WARN_UNUSED_VARIABLE = YES;
				IPHONEOS_DEPLOYMENT_TARGET = 14.4;
				MTL_ENABLE_DEBUG_INFO = INCLUDE_SOURCE;
				MTL_FAST_MATH = YES;
				ONLY_ACTIVE_ARCH = YES;
				SDKROOT = iphoneos;
				SWIFT_ACTIVE_COMPILATION_CONDITIONS = DEBUG;
				SWIFT_OPTIMIZATION_LEVEL = "-Onone";
			};
			name = Debug;
		};
		7429C5BE26545FFB0089D63B /* Release */ = {
			isa = XCBuildConfiguration;
			buildSettings = {
				ALWAYS_SEARCH_USER_PATHS = NO;
				CLANG_ANALYZER_NONNULL = YES;
				CLANG_ANALYZER_NUMBER_OBJECT_CONVERSION = YES_AGGRESSIVE;
				CLANG_CXX_LANGUAGE_STANDARD = "gnu++14";
				CLANG_CXX_LIBRARY = "libc++";
				CLANG_ENABLE_MODULES = YES;
				CLANG_ENABLE_OBJC_ARC = YES;
				CLANG_ENABLE_OBJC_WEAK = YES;
				CLANG_WARN_BLOCK_CAPTURE_AUTORELEASING = YES;
				CLANG_WARN_BOOL_CONVERSION = YES;
				CLANG_WARN_COMMA = YES;
				CLANG_WARN_CONSTANT_CONVERSION = YES;
				CLANG_WARN_DEPRECATED_OBJC_IMPLEMENTATIONS = YES;
				CLANG_WARN_DIRECT_OBJC_ISA_USAGE = YES_ERROR;
				CLANG_WARN_DOCUMENTATION_COMMENTS = YES;
				CLANG_WARN_EMPTY_BODY = YES;
				CLANG_WARN_ENUM_CONVERSION = YES;
				CLANG_WARN_INFINITE_RECURSION = YES;
				CLANG_WARN_INT_CONVERSION = YES;
				CLANG_WARN_NON_LITERAL_NULL_CONVERSION = YES;
				CLANG_WARN_OBJC_IMPLICIT_RETAIN_SELF = YES;
				CLANG_WARN_OBJC_LITERAL_CONVERSION = YES;
				CLANG_WARN_OBJC_ROOT_CLASS = YES_ERROR;
				CLANG_WARN_QUOTED_INCLUDE_IN_FRAMEWORK_HEADER = YES;
				CLANG_WARN_RANGE_LOOP_ANALYSIS = YES;
				CLANG_WARN_STRICT_PROTOTYPES = YES;
				CLANG_WARN_SUSPICIOUS_MOVE = YES;
				CLANG_WARN_UNGUARDED_AVAILABILITY = YES_AGGRESSIVE;
				CLANG_WARN_UNREACHABLE_CODE = YES;
				CLANG_WARN__DUPLICATE_METHOD_MATCH = YES;
				COPY_PHASE_STRIP = NO;
				DEBUG_INFORMATION_FORMAT = "dwarf-with-dsym";
				ENABLE_NS_ASSERTIONS = NO;
				ENABLE_STRICT_OBJC_MSGSEND = YES;
				GCC_C_LANGUAGE_STANDARD = gnu11;
				GCC_NO_COMMON_BLOCKS = YES;
				GCC_WARN_64_TO_32_BIT_CONVERSION = YES;
				GCC_WARN_ABOUT_RETURN_TYPE = YES_ERROR;
				GCC_WARN_UNDECLARED_SELECTOR = YES;
				GCC_WARN_UNINITIALIZED_AUTOS = YES_AGGRESSIVE;
				GCC_WARN_UNUSED_FUNCTION = YES;
				GCC_WARN_UNUSED_VARIABLE = YES;
				IPHONEOS_DEPLOYMENT_TARGET = 14.4;
				MTL_ENABLE_DEBUG_INFO = NO;
				MTL_FAST_MATH = YES;
				SDKROOT = iphoneos;
				SWIFT_COMPILATION_MODE = wholemodule;
				SWIFT_OPTIMIZATION_LEVEL = "-O";
				VALIDATE_PRODUCT = YES;
			};
			name = Release;
		};
		7429C5C026545FFB0089D63B /* Debug */ = {
			isa = XCBuildConfiguration;
			buildSettings = {
				ASSETCATALOG_COMPILER_APPICON_NAME = AppIcon;
				ASSETCATALOG_COMPILER_GLOBAL_ACCENT_COLOR_NAME = AccentColor;
				CODE_SIGN_STYLE = Automatic;
				DEVELOPMENT_TEAM = J655FM79L8;
				INFOPLIST_FILE = Calculator2/Resources/Info.plist;
				LD_RUNPATH_SEARCH_PATHS = (
					"$(inherited)",
					"@executable_path/Frameworks",
				);
				PRODUCT_BUNDLE_IDENTIFIER = com.Calculator2.Calculator2;
				PRODUCT_NAME = "$(TARGET_NAME)";
				SWIFT_VERSION = 5.0;
				TARGETED_DEVICE_FAMILY = "1,2";
			};
			name = Debug;
		};
		7429C5C126545FFB0089D63B /* Release */ = {
			isa = XCBuildConfiguration;
			buildSettings = {
				ASSETCATALOG_COMPILER_APPICON_NAME = AppIcon;
				ASSETCATALOG_COMPILER_GLOBAL_ACCENT_COLOR_NAME = AccentColor;
				CODE_SIGN_STYLE = Automatic;
				DEVELOPMENT_TEAM = J655FM79L8;
				INFOPLIST_FILE = Calculator2/Resources/Info.plist;
				LD_RUNPATH_SEARCH_PATHS = (
					"$(inherited)",
					"@executable_path/Frameworks",
				);
				PRODUCT_BUNDLE_IDENTIFIER = com.Calculator2.Calculator2;
				PRODUCT_NAME = "$(TARGET_NAME)";
				SWIFT_VERSION = 5.0;
				TARGETED_DEVICE_FAMILY = "1,2";
			};
			name = Release;
		};
/* End XCBuildConfiguration section */

/* Begin XCConfigurationList section */
		7429C5A626545FFA0089D63B /* Build configuration list for PBXProject "Calculator2" */ = {
			isa = XCConfigurationList;
			buildConfigurations = (
				7429C5BD26545FFB0089D63B /* Debug */,
				7429C5BE26545FFB0089D63B /* Release */,
			);
			defaultConfigurationIsVisible = 0;
			defaultConfigurationName = Release;
		};
		7429C5BF26545FFB0089D63B /* Build configuration list for PBXNativeTarget "Calculator2" */ = {
			isa = XCConfigurationList;
			buildConfigurations = (
				7429C5C026545FFB0089D63B /* Debug */,
				7429C5C126545FFB0089D63B /* Release */,
			);
			defaultConfigurationIsVisible = 0;
			defaultConfigurationName = Release;
		};
/* End XCConfigurationList section */
	};
	rootObject = 7429C5A326545FFA0089D63B /* Project object */;
}
